PODS:
  - SJHome_Module_Catogery (0.1.0)

DEPENDENCIES:
  - SJHome_Module_Catogery (from `../`)

EXTERNAL SOURCES:
  SJHome_Module_Catogery:
    :path: "../"

SPEC CHECKSUMS:
  SJHome_Module_Catogery: 8636c47850fb72cf07cec146bbbeee9e962fa91f

PODFILE CHECKSUM: 6acd2e96488fc729afffa3453ed92b8272ae70c4

COCOAPODS: 1.11.3
